{
  "name": "@iflow-mcp/kaicontext-kai",
  "version": "0.9.22",
  "lockfileVersion": 3,
  "requires": true,
  "packages": {
    "": {
      "name": "@iflow-mcp/kaicontext-kai",
      "version": "0.9.22",
      "hasInstallScript": true,
      "license": "Apache-2.0",
      "bin": {
        "iflow-mcp_kaicontext-kai": "bin/kai-mcp.js"
      }
    }
  }
}
